// !$*UTF8*$!
{
	archiveVersion = 1;
	classes = {
	};
	objectVersion = 54;
	objects = {

/* Begin PBXBuildFile section */
		C337C2CE1CC52F5100A90F59 /* AppDelegate.swift in Sources */ = {isa = PBXBuildFile; fileRef = C337C2CD1CC52F5100A90F59 /* AppDelegate.swift */; };
		C337C2D01CC52F5200A90F59 /* ViewController.swift in Sources */ = {isa = PBXBuildFile; fileRef = C337C2CF1CC52F5200A90F59 /* ViewController.swift */; };
		C337C2D31CC52F5200A90F59 /* Main.storyboard in Resources */ = {isa = PBXBuildFile; fileRef = C337C2D11CC52F5200A90F59 /* Main.storyboard */; };
		C337C2D51CC52F5200A90F59 /* Assets.xcassets in Resources */ = {isa = PBXBuildFile; fileRef = C337C2D41CC52F5200A90F59 /* Assets.xcassets */; };
		C337C2D81CC52F5200A90F59 /* LaunchScreen.storyboard in Resources */ = {isa = PBXBuildFile; fileRef = C337C2D61CC52F5200A90F59 /* LaunchScreen.storyboard */; };
/* End PBXBuildFile section */

/* Begin PBXFileReference section */
		C337C2CA1CC52F5100A90F59 /* GrandCentralDispatch.app */ = {isa = PBXFileReference; explicitFileType = wrapper.application; includeInIndex = 0; path = GrandCentralDispatch.app; sourceTree = BUILT_PRODUCTS_DIR; };
		C337C2CD1CC52F5100A90F59 /* AppDelegate.swift */ = {isa = PBXFileReference; lastKnownFileType = sourcecode.swift; path = AppDelegate.swift; sourceTree = "<group>"; };
		C337C2CF1CC52F5200A90F59 /* ViewController.swift */ = {isa = PBXFileReference; lastKnownFileType = sourcecode.swift; path = ViewController.swift; sourceTree = "<group>"; };
		C337C2D21CC52F5200A90F59 /* Base */ = {isa = PBXFileReference; lastKnownFileType = file.storyboard; name = Base; path = Base.lproj/Main.storyboard; sourceTree = "<group>"; };
		C337C2D41CC52F5200A90F59 /* Assets.xcassets */ = {isa = PBXFileReference; lastKnownFileType = folder.assetcatalog; path = Assets.xcassets; sourceTree = "<group>"; };
		C337C2D71CC52F5200A90F59 /* Base */ = {isa = PBXFileReference; lastKnownFileType = file.storyboard; name = Base; path = Base.lproj/LaunchScreen.storyboard; sourceTree = "<group>"; };
		C337C2D91CC52F5200A90F59 /* Info.plist */ = {isa = PBXFileReference; lastKnownFileType = text.plist.xml; path = Info.plist; sourceTree = "<group>"; };
/* End PBXFileReference section */

/* Begin PBXFrameworksBuildPhase section */
		C337C2C71CC52F5100A90F59 /* Frameworks */ = {
			isa = PBXFrameworksBuildPhase;
			buildActionMask = 2147483647;
			files = (
			);
			runOnlyForDeploymentPostprocessing = 0;
		};
/* End PBXFrameworksBuildPhase section */

/* Begin PBXGroup section */
		C337C2C11CC52F5100A90F59 = {
			isa = PBXGroup;
			children = (
				C337C2CC1CC52F5100A90F59 /* GrandCentralDispatch */,
				C337C2CB1CC52F5100A90F59 /* Products */,
			);
			sourceTree = "<group>";
		};
		C337C2CB1CC52F5100A90F59 /* Products */ = {
			isa = PBXGroup;
			children = (
				C337C2CA1CC52F5100A90F59 /* GrandCentralDispatch.app */,
			);
			name = Products;
			sourceTree = "<group>";
		};
		C337C2CC1CC52F5100A90F59 /* GrandCentralDispatch */ = {
			isa = PBXGroup;
			children = (
				C337C2CD1CC52F5100A90F59 /* AppDelegate.swift */,
				C337C2CF1CC52F5200A90F59 /* ViewController.swift */,
				C337C2D11CC52F5200A90F59 /* Main.storyboard */,
				C337C2D41CC52F5200A90F59 /* Assets.xcassets */,
				C337C2D61CC52F5200A90F59 /* LaunchScreen.storyboard */,
				C337C2D91CC52F5200A90F59 /* Info.plist */,
			);
			path = GrandCentralDispatch;
			sourceTree = "<group>";
		};
/* End PBXGroup section */

/* Begin PBXNativeTarget section */
		C337C2C91CC52F5100A90F59 /* GrandCentralDispatch */ = {
			isa = PBXNativeTarget;
			buildConfigurationList = C337C2DC1CC52F5200A90F59 /* Build configuration list for PBXNativeTarget "GrandCentralDispatch" */;
			buildPhases = (
				C337C2C61CC52F5100A90F59 /* Sources */,
				C337C2C71CC52F5100A90F59 /* Frameworks */,
				C337C2C81CC52F5100A90F59 /* Resources */,
			);
			buildRules = (
			);
			dependencies = (
			);
			name = GrandCentralDispatch;
			productName = StretchProblemGrandCentralDispatch;
			productReference = C337C2CA1CC52F5100A90F59 /* GrandCentralDispatch.app */;
			productType = "com.apple.product-type.application";
		};
/* End PBXNativeTarget section */

/* Begin PBXProject section */
		C337C2C21CC52F5100A90F59 /* Project object */ = {
			isa = PBXProject;
			attributes = {
				LastSwiftUpdateCheck = 0730;
				LastUpgradeCheck = 1230;
				ORGANIZATIONNAME = Vints;
				TargetAttributes = {
					C337C2C91CC52F5100A90F59 = {
						CreatedOnToolsVersion = 7.3;
					};
				};
			};
			buildConfigurationList = C337C2C51CC52F5100A90F59 /* Build configuration list for PBXProject "GrandCentralDispatch" */;
			compatibilityVersion = "Xcode 12.0";
			developmentRegion = en;
			hasScannedForEncodings = 0;
			knownRegions = (
				en,
				Base,
			);
			mainGroup = C337C2C11CC52F5100A90F59;
			productRefGroup = C337C2CB1CC52F5100A90F59 /* Products */;
			projectDirPath = "";
			projectRoot = "";
			targets = (
				C337C2C91CC52F5100A90F59 /* GrandCentralDispatch */,
			);
		};
/* End PBXProject section */

/* Begin PBXResourcesBuildPhase section */
		C337C2C81CC52F5100A90F59 /* Resources */ = {
			isa = PBXResourcesBuildPhase;
			buildActionMask = 2147483647;
			files = (
				C337C2D81CC52F5200A90F59 /* LaunchScreen.storyboard in Resources */,
				C337C2D51CC52F5200A90F59 /* Assets.xcassets in Resources */,
				C337C2D31CC52F5200A90F59 /* Main.storyboard in Resources */,
			);
			runOnlyForDeploymentPostprocessing = 0;
		};
/* End PBXResourcesBuildPhase section */

/* Begin PBXSourcesBuildPhase section */
		C337C2C61CC52F5100A90F59 /* Sources */ = {
			isa = PBXSourcesBuildPhase;
			buildActionMask = 2147483647;
			files = (
				C337C2D01CC52F5200A90F59 /* ViewController.swift in Sources */,
				C337C2CE1CC52F5100A90F59 /* AppDelegate.swift in Sources */,
			);
			runOnlyForDeploymentPostprocessing = 0;
		};
/* End PBXSourcesBuildPhase section */

/* Begin PBXVariantGroup section */
		C337C2D11CC52F5200A90F59 /* Main.storyboard */ = {
			isa = PBXVariantGroup;
			children = (
				C337C2D21CC52F5200A90F59 /* Base */,
			);
			name = Main.storyboard;
			sourceTree = "<group>";
		};
		C337C2D61CC52F5200A90F59 /* LaunchScreen.storyboard */ = {
			isa = PBXVariantGroup;
			children = (
				C337C2D71CC52F5200A90F59 /* Base */,
			);
			name = LaunchScreen.storyboard;
			sourceTree = "<group>";
		};
/* End PBXVariantGroup section */

/* Begin XCBuildConfiguration section */
		C337C2DA1CC52F5200A90F59 /* Debug */ = {
			isa = XCBuildConfiguration;
			buildSettings = {
				ALWAYS_SEARCH_USER_PATHS = NO;
				CLANG_ANALYZER_LOCALIZABILITY_NONLOCALIZED = YES;
				CLANG_ANALYZER_NONNULL = YES;
				CLANG_CXX_LANGUAGE_STANDARD = "gnu++0x";
				CLANG_CXX_LIBRARY = "libc++";
				CLANG_ENABLE_MODULES = YES;
				CLANG_ENABLE_OBJC_ARC = YES;
				CLANG_WARN_BLOCK_CAPTURE_AUTORELEASING = YES;
				CLANG_WARN_BOOL_CONVERSION = YES;
				CLANG_WARN_COMMA = YES;
				CLANG_WARN_CONSTANT_CONVERSION = YES;
				CLANG_WARN_DEPRECATED_OBJC_IMPLEMENTATIONS = YES;
				CLANG_WARN_DIRECT_OBJC_ISA_USAGE = YES_ERROR;
				CLANG_WARN_EMPTY_BODY = YES;
				CLANG_WARN_ENUM_CONVERSION = YES;
				CLANG_WARN_INFINITE_RECURSION = YES;
				CLANG_WARN_INT_CONVERSION = YES;
				CLANG_WARN_NON_LITERAL_NULL_CONVERSION = YES;
				CLANG_WARN_OBJC_IMPLICIT_RETAIN_SELF = YES;
				CLANG_WARN_OBJC_LITERAL_CONVERSION = YES;
				CLANG_WARN_OBJC_ROOT_CLASS = YES_ERROR;
				CLANG_WARN_QUOTED_INCLUDE_IN_FRAMEWORK_HEADER = YES;
				CLANG_WARN_RANGE_LOOP_ANALYSIS = YES;
				CLANG_WARN_STRICT_PROTOTYPES = YES;
				CLANG_WARN_SUSPICIOUS_MOVE = YES;
				CLANG_WARN_UNREACHABLE_CODE = YES;
				CLANG_WARN__DUPLICATE_METHOD_MATCH = YES;
				"CODE_SIGN_IDENTITY[sdk=iphoneos*]" = "iPhone Developer";
				COPY_PHASE_STRIP = NO;
				DEBUG_INFORMATION_FORMAT = dwarf;
				ENABLE_STRICT_OBJC_MSGSEND = YES;
				ENABLE_TESTABILITY = YES;
				GCC_C_LANGUAGE_STANDARD = gnu99;
				GCC_DYNAMIC_NO_PIC = NO;
				GCC_NO_COMMON_BLOCKS = YES;
				GCC_OPTIMIZATION_LEVEL = 0;
				GCC_PREPROCESSOR_DEFINITIONS = (
					"DEBUG=1",
					"$(inherited)",
				);
				GCC_WARN_64_TO_32_BIT_CONVERSION = YES;
				GCC_WARN_ABOUT_RETURN_TYPE = YES_ERROR;
				GCC_WARN_UNDECLARED_SELECTOR = YES;
				GCC_WARN_UNINITIALIZED_AUTOS = YES_AGGRESSIVE;
				GCC_WARN_UNUSED_FUNCTION = YES;
				GCC_WARN_UNUSED_VARIABLE = YES;
				IPHONEOS_DEPLOYMENT_TARGET = 12.0;
				MTL_ENABLE_DEBUG_INFO = YES;
				ONLY_ACTIVE_ARCH = YES;
				SDKROOT = iphoneos;
				SWIFT_OPTIMIZATION_LEVEL = "-Onone";
				SWIFT_VERSION = 5.0;
				TARGETED_DEVICE_FAMILY = "1,2";
			};
			name = Debug;
		};
		C337C2DB1CC52F5200A90F59 /* Release */ = {
			isa = XCBuildConfiguration;
			buildSettings = {
				ALWAYS_SEARCH_USER_PATHS = NO;
				CLANG_ANALYZER_LOCALIZABILITY_NONLOCALIZED = YES;
				CLANG_ANALYZER_NONNULL = YES;
				CLANG_CXX_LANGUAGE_STANDARD = "gnu++0x";
				CLANG_CXX_LIBRARY = "libc++";
				CLANG_ENABLE_MODULES = YES;
				CLANG_ENABLE_OBJC_ARC = YES;
				CLANG_WARN_BLOCK_CAPTURE_AUTORELEASING = YES;
				CLANG_WARN_BOOL_CONVERSION = YES;
				CLANG_WARN_COMMA = YES;
				CLANG_WARN_CONSTANT_CONVERSION = YES;
				CLANG_WARN_DEPRECATED_OBJC_IMPLEMENTATIONS = YES;
				CLANG_WARN_DIRECT_OBJC_ISA_USAGE = YES_ERROR;
				CLANG_WARN_EMPTY_BODY = YES;
				CLANG_WARN_ENUM_CONVERSION = YES;
				CLANG_WARN_INFINITE_RECURSION = YES;
				CLANG_WARN_INT_CONVERSION = YES;
				CLANG_WARN_NON_LITERAL_NULL_CONVERSION = YES;
				CLANG_WARN_OBJC_IMPLICIT_RETAIN_SELF = YES;
				CLANG_WARN_OBJC_LITERAL_CONVERSION = YES;
				CLANG_WARN_OBJC_ROOT_CLASS = YES_ERROR;
				CLANG_WARN_QUOTED_INCLUDE_IN_FRAMEWORK_HEADER = YES;
				CLANG_WARN_RANGE_LOOP_ANALYSIS = YES;
				CLANG_WARN_STRICT_PROTOTYPES = YES;
				CLANG_WARN_SUSPICIOUS_MOVE = YES;
				CLANG_WARN_UNREACHABLE_CODE = YES;
				CLANG_WARN__DUPLICATE_METHOD_MATCH = YES;
				"CODE_SIGN_IDENTITY[sdk=iphoneos*]" = "iPhone Developer";
				COPY_PHASE_STRIP = NO;
				DEBUG_INFORMATION_FORMAT = "dwarf-with-dsym";
				ENABLE_NS_ASSERTIONS = NO;
				ENABLE_STRICT_OBJC_MSGSEND = YES;
				GCC_C_LANGUAGE_STANDARD = gnu99;
				GCC_NO_COMMON_BLOCKS = YES;
				GCC_WARN_64_TO_32_BIT_CONVERSION = YES;
				GCC_WARN_ABOUT_RETURN_TYPE = YES_ERROR;
				GCC_WARN_UNDECLARED_SELECTOR = YES;
				GCC_WARN_UNINITIALIZED_AUTOS = YES_AGGRESSIVE;
				GCC_WARN_UNUSED_FUNCTION = YES;
				GCC_WARN_UNUSED_VARIABLE = YES;
				IPHONEOS_DEPLOYMENT_TARGET = 12.0;
				MTL_ENABLE_DEBUG_INFO = NO;
				SDKROOT = iphoneos;
				SWIFT_COMPILATION_MODE = wholemodule;
				SWIFT_VERSION = 5.0;
				TARGETED_DEVICE_FAMILY = "1,2";
				VALIDATE_PRODUCT = YES;
			};
			name = Release;
		};
		C337C2DD1CC52F5200A90F59 /* Debug */ = {
			isa = XCBuildConfiguration;
			buildSettings = {
				ASSETCATALOG_COMPILER_APPICON_NAME = AppIcon;
				INFOPLIST_FILE = "$(SRCROOT)/GrandCentralDispatch/Info.plist";
				LD_RUNPATH_SEARCH_PATHS = (
					"$(inherited)",
					"@executable_path/Frameworks",
				);
				PRODUCT_BUNDLE_IDENTIFIER = "com-snow-van.twitter.GrandCentralDispatch";
				PRODUCT_NAME = "$(TARGET_NAME)";
				SWIFT_VERSION = 5.0;
			};
			name = Debug;
		};
		C337C2DE1CC52F5200A90F59 /* Release */ = {
			isa = XCBuildConfiguration;
			buildSettings = {
				ASSETCATALOG_COMPILER_APPICON_NAME = AppIcon;
				INFOPLIST_FILE = "$(SRCROOT)/GrandCentralDispatch/Info.plist";
				LD_RUNPATH_SEARCH_PATHS = (
					"$(inherited)",
					"@executable_path/Frameworks",
				);
				PRODUCT_BUNDLE_IDENTIFIER = "com-snow-van.twitter.GrandCentralDispatch";
				PRODUCT_NAME = "$(TARGET_NAME)";
				SWIFT_VERSION = 5.0;
			};
			name = Release;
		};
/* End XCBuildConfiguration section */

/* Begin XCConfigurationList section */
		C337C2C51CC52F5100A90F59 /* Build configuration list for PBXProject "GrandCentralDispatch" */ = {
			isa = XCConfigurationList;
			buildConfigurations = (
				C337C2DA1CC52F5200A90F59 /* Debug */,
				C337C2DB1CC52F5200A90F59 /* Release */,
			);
			defaultConfigurationIsVisible = 0;
			defaultConfigurationName = Release;
		};
		C337C2DC1CC52F5200A90F59 /* Build configuration list for PBXNativeTarget "GrandCentralDispatch" */ = {
			isa = XCConfigurationList;
			buildConfigurations = (
				C337C2DD1CC52F5200A90F59 /* Debug */,
				C337C2DE1CC52F5200A90F59 /* Release */,
			);
			defaultConfigurationIsVisible = 0;
			defaultConfigurationName = Release;
		};
/* End XCConfigurationList section */
	};
	rootObject = C337C2C21CC52F5100A90F59 /* Project object */;
}
